
Microsoft Visual Studio Solution File, Format Version 12.00
# Visual Studio Version 16
VisualStudioVersion = 16.0.29806.167
MinimumVisualStudioVersion = 10.0.40219.1
Project("{FAE04EC0-301F-11D3-BF4B-00C04F79EFBC}") = "unit_test_lab1", "unit_test_lab1\unit_test_lab1.csproj", "{3CBB2DDF-4AC8-47BC-9443-EA86A53244AC}"
EndProject
Project("{FAE04EC0-301F-11D3-BF4B-00C04F79EFBC}") = "unit_test_lab1_Tests", "unit_test_lab1_Tests\unit_test_lab1_Tests.csproj", "{882B2A7F-94DA-4C10-AF58-872E1316973E}"
EndProject
Global
	GlobalSection(SolutionConfigurationPlatforms) = preSolution
		Debug|Any CPU = Debug|Any CPU
		Release|Any CPU = Release|Any CPU
	EndGlobalSection
	GlobalSection(ProjectConfigurationPlatforms) = postSolution
		{3CBB2DDF-4AC8-47BC-9443-EA86A53244AC}.Debug|Any CPU.ActiveCfg = Debug|Any CPU
		{3CBB2DDF-4AC8-47BC-9443-EA86A53244AC}.Debug|Any CPU.Build.0 = Debug|Any CPU
		{3CBB2DDF-4AC8-47BC-9443-EA86A53244AC}.Release|Any CPU.ActiveCfg = Release|Any CPU
		{3CBB2DDF-4AC8-47BC-9443-EA86A53244AC}.Release|Any CPU.Build.0 = Release|Any CPU
		{882B2A7F-94DA-4C10-AF58-872E1316973E}.Debug|Any CPU.ActiveCfg = Debug|Any CPU
		{882B2A7F-94DA-4C10-AF58-872E1316973E}.Debug|Any CPU.Build.0 = Debug|Any CPU
		{882B2A7F-94DA-4C10-AF58-872E1316973E}.Release|Any CPU.ActiveCfg = Release|Any CPU
		{882B2A7F-94DA-4C10-AF58-872E1316973E}.Release|Any CPU.Build.0 = Release|Any CPU
	EndGlobalSection
	GlobalSection(SolutionProperties) = preSolution
		HideSolutionNode = FALSE
	EndGlobalSection
	GlobalSection(ExtensibilityGlobals) = postSolution
		SolutionGuid = {A2A61712-11D7-46EE-BC8A-67C53647AEDD}
	EndGlobalSection
EndGlobal
